
Microsoft Visual Studio Solution File, Format Version 12.00
# Visual Studio Version 16
VisualStudioVersion = 16.0.29025.244
MinimumVisualStudioVersion = 10.0.40219.1
Project("{FAE04EC0-301F-11D3-BF4B-00C04F79EFBC}") = "CommandPrepareBenchmark", "CommandPrepareBenchmark\CommandPrepareBenchmark.csproj", "{7266DDE1-5069-42ED-B7C5-4DE6529E5907}"
EndProject
Global
	GlobalSection(SolutionConfigurationPlatforms) = preSolution
		Debug|Any CPU = Debug|Any CPU
		Release|Any CPU = Release|Any CPU
	EndGlobalSection
	GlobalSection(ProjectConfigurationPlatforms) = postSolution
		{7266DDE1-5069-42ED-B7C5-4DE6529E5907}.Debug|Any CPU.ActiveCfg = Debug|Any CPU
		{7266DDE1-5069-42ED-B7C5-4DE6529E5907}.Debug|Any CPU.Build.0 = Debug|Any CPU
		{7266DDE1-5069-42ED-B7C5-4DE6529E5907}.Release|Any CPU.ActiveCfg = Release|Any CPU
		{7266DDE1-5069-42ED-B7C5-4DE6529E5907}.Release|Any CPU.Build.0 = Release|Any CPU
	EndGlobalSection
	GlobalSection(SolutionProperties) = preSolution
		HideSolutionNode = FALSE
	EndGlobalSection
	GlobalSection(ExtensibilityGlobals) = postSolution
		SolutionGuid = {7BA75A15-864F-432E-B058-60FD6EA50E7B}
	EndGlobalSection
EndGlobal
