
Microsoft Visual Studio Solution File, Format Version 12.00
# Visual Studio 15
VisualStudioVersion = 15.0.27703.2047
MinimumVisualStudioVersion = 10.0.40219.1
Project("{9A19103F-16F7-4668-BE54-9A1E7A4F7556}") = "WorkTask", "WorkTask\WorkTask.csproj", "{10987471-EA65-4A4A-B34A-DD0EF303FBF9}"
EndProject
Project("{9A19103F-16F7-4668-BE54-9A1E7A4F7556}") = "WorkTaskSampleStandard", "WorkTaskSampleStandard\WorkTaskSampleStandard.csproj", "{B0A44F60-7C62-43B8-A35E-3552DFB9CF8A}"
EndProject
Project("{9A19103F-16F7-4668-BE54-9A1E7A4F7556}") = "WorkTaskSampleCore", "WorkTaskSampleCore\WorkTaskSampleCore.csproj", "{CA1377EE-4B3F-42D9-8688-4311A7A0CF5F}"
EndProject
Project("{FAE04EC0-301F-11D3-BF4B-00C04F79EFBC}") = "WorkTaskSampleNet", "WorkTaskSampleNet\WorkTaskSampleNet.csproj", "{C7E0C9B7-FF3A-40D9-9CA1-4DB3D9CB5947}"
EndProject
Project("{2150E333-8FDC-42A3-9474-1A3956D46DE8}") = "Solution Items", "Solution Items", "{73035095-3977-4D9B-B892-066388412871}"
	ProjectSection(SolutionItems) = preProject
		WorkTask.targets = WorkTask.targets
	EndProjectSection
EndProject
Global
	GlobalSection(SolutionConfigurationPlatforms) = preSolution
		Debug|Any CPU = Debug|Any CPU
		Release|Any CPU = Release|Any CPU
	EndGlobalSection
	GlobalSection(ProjectConfigurationPlatforms) = postSolution
		{10987471-EA65-4A4A-B34A-DD0EF303FBF9}.Debug|Any CPU.ActiveCfg = Debug|Any CPU
		{10987471-EA65-4A4A-B34A-DD0EF303FBF9}.Debug|Any CPU.Build.0 = Debug|Any CPU
		{10987471-EA65-4A4A-B34A-DD0EF303FBF9}.Release|Any CPU.ActiveCfg = Release|Any CPU
		{10987471-EA65-4A4A-B34A-DD0EF303FBF9}.Release|Any CPU.Build.0 = Release|Any CPU
		{B0A44F60-7C62-43B8-A35E-3552DFB9CF8A}.Debug|Any CPU.ActiveCfg = Debug|Any CPU
		{B0A44F60-7C62-43B8-A35E-3552DFB9CF8A}.Debug|Any CPU.Build.0 = Debug|Any CPU
		{B0A44F60-7C62-43B8-A35E-3552DFB9CF8A}.Release|Any CPU.ActiveCfg = Release|Any CPU
		{B0A44F60-7C62-43B8-A35E-3552DFB9CF8A}.Release|Any CPU.Build.0 = Release|Any CPU
		{CA1377EE-4B3F-42D9-8688-4311A7A0CF5F}.Debug|Any CPU.ActiveCfg = Debug|Any CPU
		{CA1377EE-4B3F-42D9-8688-4311A7A0CF5F}.Debug|Any CPU.Build.0 = Debug|Any CPU
		{CA1377EE-4B3F-42D9-8688-4311A7A0CF5F}.Release|Any CPU.ActiveCfg = Release|Any CPU
		{CA1377EE-4B3F-42D9-8688-4311A7A0CF5F}.Release|Any CPU.Build.0 = Release|Any CPU
		{C7E0C9B7-FF3A-40D9-9CA1-4DB3D9CB5947}.Debug|Any CPU.ActiveCfg = Debug|Any CPU
		{C7E0C9B7-FF3A-40D9-9CA1-4DB3D9CB5947}.Debug|Any CPU.Build.0 = Debug|Any CPU
		{C7E0C9B7-FF3A-40D9-9CA1-4DB3D9CB5947}.Release|Any CPU.ActiveCfg = Release|Any CPU
		{C7E0C9B7-FF3A-40D9-9CA1-4DB3D9CB5947}.Release|Any CPU.Build.0 = Release|Any CPU
	EndGlobalSection
	GlobalSection(SolutionProperties) = preSolution
		HideSolutionNode = FALSE
	EndGlobalSection
	GlobalSection(ExtensibilityGlobals) = postSolution
		SolutionGuid = {7E13FA70-E410-4E9A-8780-5C3A7D6442D0}
	EndGlobalSection
EndGlobal
