
Microsoft Visual Studio Solution File, Format Version 12.00
# Visual Studio Version 16
VisualStudioVersion = 16.0.29123.88
MinimumVisualStudioVersion = 10.0.40219.1
Project("{FAE04EC0-301F-11D3-BF4B-00C04F79EFBC}") = "WorkFile", "WorkFile\WorkFile.csproj", "{FE1C8EE9-13E7-4ED4-8E58-DDB4CE9F9D6C}"
EndProject
Global
	GlobalSection(SolutionConfigurationPlatforms) = preSolution
		Debug|Any CPU = Debug|Any CPU
		Release|Any CPU = Release|Any CPU
	EndGlobalSection
	GlobalSection(ProjectConfigurationPlatforms) = postSolution
		{FE1C8EE9-13E7-4ED4-8E58-DDB4CE9F9D6C}.Debug|Any CPU.ActiveCfg = Debug|Any CPU
		{FE1C8EE9-13E7-4ED4-8E58-DDB4CE9F9D6C}.Debug|Any CPU.Build.0 = Debug|Any CPU
		{FE1C8EE9-13E7-4ED4-8E58-DDB4CE9F9D6C}.Release|Any CPU.ActiveCfg = Release|Any CPU
		{FE1C8EE9-13E7-4ED4-8E58-DDB4CE9F9D6C}.Release|Any CPU.Build.0 = Release|Any CPU
	EndGlobalSection
	GlobalSection(SolutionProperties) = preSolution
		HideSolutionNode = FALSE
	EndGlobalSection
	GlobalSection(ExtensibilityGlobals) = postSolution
		SolutionGuid = {636E81F0-9B69-497D-8228-7077E86C3895}
	EndGlobalSection
EndGlobal
