
Microsoft Visual Studio Solution File, Format Version 12.00
# Visual Studio Version 16
VisualStudioVersion = 16.0.29215.179
MinimumVisualStudioVersion = 10.0.40219.1
Project("{FAE04EC0-301F-11D3-BF4B-00C04F79EFBC}") = "ParameterTypeCheck", "ParameterTypeCheck\ParameterTypeCheck.csproj", "{2BE29CFB-5EDB-4E62-BBA8-53A31B077D4A}"
EndProject
Global
	GlobalSection(SolutionConfigurationPlatforms) = preSolution
		Debug|Any CPU = Debug|Any CPU
		Release|Any CPU = Release|Any CPU
	EndGlobalSection
	GlobalSection(ProjectConfigurationPlatforms) = postSolution
		{2BE29CFB-5EDB-4E62-BBA8-53A31B077D4A}.Debug|Any CPU.ActiveCfg = Debug|Any CPU
		{2BE29CFB-5EDB-4E62-BBA8-53A31B077D4A}.Debug|Any CPU.Build.0 = Debug|Any CPU
		{2BE29CFB-5EDB-4E62-BBA8-53A31B077D4A}.Release|Any CPU.ActiveCfg = Release|Any CPU
		{2BE29CFB-5EDB-4E62-BBA8-53A31B077D4A}.Release|Any CPU.Build.0 = Release|Any CPU
	EndGlobalSection
	GlobalSection(SolutionProperties) = preSolution
		HideSolutionNode = FALSE
	EndGlobalSection
	GlobalSection(ExtensibilityGlobals) = postSolution
		SolutionGuid = {C6A28DFB-E2FD-4601-B065-CBF1A788C8B0}
	EndGlobalSection
EndGlobal
