
Microsoft Visual Studio Solution File, Format Version 12.00
# Visual Studio 15
VisualStudioVersion = 15.0.27703.2047
MinimumVisualStudioVersion = 10.0.40219.1
Project("{9A19103F-16F7-4668-BE54-9A1E7A4F7556}") = "WorkBenchmark", "WorkBenchmark\WorkBenchmark.csproj", "{383D5DCB-DBE0-41B5-90C5-198B0F1F71D3}"
EndProject
Project("{2150E333-8FDC-42A3-9474-1A3956D46DE8}") = "Solution Items", "Solution Items", "{B35942ED-AE25-42A0-ACF6-233CEE7DEE97}"
	ProjectSection(SolutionItems) = preProject
		Readme.md = Readme.md
	EndProjectSection
EndProject
Global
	GlobalSection(SolutionConfigurationPlatforms) = preSolution
		Debug|Any CPU = Debug|Any CPU
		Release|Any CPU = Release|Any CPU
	EndGlobalSection
	GlobalSection(ProjectConfigurationPlatforms) = postSolution
		{383D5DCB-DBE0-41B5-90C5-198B0F1F71D3}.Debug|Any CPU.ActiveCfg = Debug|Any CPU
		{383D5DCB-DBE0-41B5-90C5-198B0F1F71D3}.Debug|Any CPU.Build.0 = Debug|Any CPU
		{383D5DCB-DBE0-41B5-90C5-198B0F1F71D3}.Release|Any CPU.ActiveCfg = Release|Any CPU
		{383D5DCB-DBE0-41B5-90C5-198B0F1F71D3}.Release|Any CPU.Build.0 = Release|Any CPU
	EndGlobalSection
	GlobalSection(SolutionProperties) = preSolution
		HideSolutionNode = FALSE
	EndGlobalSection
	GlobalSection(ExtensibilityGlobals) = postSolution
		SolutionGuid = {3C43B420-D421-4949-933E-B901DAD8DB0A}
	EndGlobalSection
EndGlobal
