
Microsoft Visual Studio Solution File, Format Version 12.00
# Visual Studio 15
VisualStudioVersion = 15.0.27703.2042
MinimumVisualStudioVersion = 10.0.40219.1
Project("{FAE04EC0-301F-11D3-BF4B-00C04F79EFBC}") = "WorkGenerator", "WorkGenerator\WorkGenerator.csproj", "{C92047BB-D16C-4BBD-9083-9B9935EDAA4D}"
EndProject
Global
	GlobalSection(SolutionConfigurationPlatforms) = preSolution
		Debug|Any CPU = Debug|Any CPU
		Release|Any CPU = Release|Any CPU
	EndGlobalSection
	GlobalSection(ProjectConfigurationPlatforms) = postSolution
		{C92047BB-D16C-4BBD-9083-9B9935EDAA4D}.Debug|Any CPU.ActiveCfg = Debug|Any CPU
		{C92047BB-D16C-4BBD-9083-9B9935EDAA4D}.Debug|Any CPU.Build.0 = Debug|Any CPU
		{C92047BB-D16C-4BBD-9083-9B9935EDAA4D}.Release|Any CPU.ActiveCfg = Release|Any CPU
		{C92047BB-D16C-4BBD-9083-9B9935EDAA4D}.Release|Any CPU.Build.0 = Release|Any CPU
	EndGlobalSection
	GlobalSection(SolutionProperties) = preSolution
		HideSolutionNode = FALSE
	EndGlobalSection
	GlobalSection(ExtensibilityGlobals) = postSolution
		SolutionGuid = {7BA962D6-5300-41DA-8D6A-7B3EEBF71673}
	EndGlobalSection
EndGlobal
