
Microsoft Visual Studio Solution File, Format Version 12.00
# Visual Studio Version 16
VisualStudioVersion = 16.0.29411.108
MinimumVisualStudioVersion = 10.0.40219.1
Project("{9A19103F-16F7-4668-BE54-9A1E7A4F7556}") = "ReaderBenchmark", "ReaderBenchmark\ReaderBenchmark.csproj", "{696F0F91-726A-4AA4-A37D-EEC55845DCD9}"
EndProject
Project("{FAE04EC0-301F-11D3-BF4B-00C04F79EFBC}") = "ReaderTest", "ReaderTest\ReaderTest.csproj", "{096AC4EF-EAFA-4B7C-9653-E4D5076FF8D8}"
EndProject
Project("{FAE04EC0-301F-11D3-BF4B-00C04F79EFBC}") = "SetterTest", "SetterTest\SetterTest.csproj", "{45672140-DA79-4523-8C80-B4CD68B4EAF9}"
EndProject
Project("{FAE04EC0-301F-11D3-BF4B-00C04F79EFBC}") = "SelectorTest", "SelectorTest\SelectorTest.csproj", "{AC9EB394-238A-47F2-9D06-AB47BA64A3EF}"
EndProject
Global
	GlobalSection(SolutionConfigurationPlatforms) = preSolution
		Debug|Any CPU = Debug|Any CPU
		Release|Any CPU = Release|Any CPU
	EndGlobalSection
	GlobalSection(ProjectConfigurationPlatforms) = postSolution
		{696F0F91-726A-4AA4-A37D-EEC55845DCD9}.Debug|Any CPU.ActiveCfg = Debug|Any CPU
		{696F0F91-726A-4AA4-A37D-EEC55845DCD9}.Debug|Any CPU.Build.0 = Debug|Any CPU
		{696F0F91-726A-4AA4-A37D-EEC55845DCD9}.Release|Any CPU.ActiveCfg = Release|Any CPU
		{696F0F91-726A-4AA4-A37D-EEC55845DCD9}.Release|Any CPU.Build.0 = Release|Any CPU
		{096AC4EF-EAFA-4B7C-9653-E4D5076FF8D8}.Debug|Any CPU.ActiveCfg = Debug|Any CPU
		{096AC4EF-EAFA-4B7C-9653-E4D5076FF8D8}.Debug|Any CPU.Build.0 = Debug|Any CPU
		{096AC4EF-EAFA-4B7C-9653-E4D5076FF8D8}.Release|Any CPU.ActiveCfg = Release|Any CPU
		{096AC4EF-EAFA-4B7C-9653-E4D5076FF8D8}.Release|Any CPU.Build.0 = Release|Any CPU
		{45672140-DA79-4523-8C80-B4CD68B4EAF9}.Debug|Any CPU.ActiveCfg = Debug|Any CPU
		{45672140-DA79-4523-8C80-B4CD68B4EAF9}.Debug|Any CPU.Build.0 = Debug|Any CPU
		{45672140-DA79-4523-8C80-B4CD68B4EAF9}.Release|Any CPU.ActiveCfg = Release|Any CPU
		{45672140-DA79-4523-8C80-B4CD68B4EAF9}.Release|Any CPU.Build.0 = Release|Any CPU
		{AC9EB394-238A-47F2-9D06-AB47BA64A3EF}.Debug|Any CPU.ActiveCfg = Debug|Any CPU
		{AC9EB394-238A-47F2-9D06-AB47BA64A3EF}.Debug|Any CPU.Build.0 = Debug|Any CPU
		{AC9EB394-238A-47F2-9D06-AB47BA64A3EF}.Release|Any CPU.ActiveCfg = Release|Any CPU
		{AC9EB394-238A-47F2-9D06-AB47BA64A3EF}.Release|Any CPU.Build.0 = Release|Any CPU
	EndGlobalSection
	GlobalSection(SolutionProperties) = preSolution
		HideSolutionNode = FALSE
	EndGlobalSection
	GlobalSection(ExtensibilityGlobals) = postSolution
		SolutionGuid = {145E42A8-2BD0-4CEE-A9E6-2228C1722921}
	EndGlobalSection
EndGlobal
