
Microsoft Visual Studio Solution File, Format Version 12.00
# Visual Studio Version 16
VisualStudioVersion = 16.0.28803.352
MinimumVisualStudioVersion = 10.0.40219.1
Project("{9A19103F-16F7-4668-BE54-9A1E7A4F7556}") = "DataLibrary", "DataLibrary\DataLibrary.csproj", "{A270689B-4CD1-4753-9A9C-885B4EC66110}"
EndProject
Project("{9A19103F-16F7-4668-BE54-9A1E7A4F7556}") = "DataWork", "DataWork\DataWork.csproj", "{6FCB31FD-5B74-4591-A97D-15C6216136B8}"
EndProject
Project("{9A19103F-16F7-4668-BE54-9A1E7A4F7556}") = "DataLibrary.Tests", "DataLibrary.Tests\DataLibrary.Tests.csproj", "{43E03094-7769-4AD1-B882-279F902CEF8A}"
EndProject
Project("{9A19103F-16F7-4668-BE54-9A1E7A4F7556}") = "WorkScript", "WorkScript\WorkScript.csproj", "{C2FF73A3-2C07-40B9-BA0A-3C28D9B55C20}"
EndProject
Project("{9A19103F-16F7-4668-BE54-9A1E7A4F7556}") = "WorkScriptBenchmark", "WorkScriptBenchmark\WorkScriptBenchmark.csproj", "{A67AE299-ACFD-4EAE-8F8D-87BF154B66BC}"
EndProject
Project("{9A19103F-16F7-4668-BE54-9A1E7A4F7556}") = "WorkLibrary", "WorkLibrary\WorkLibrary.csproj", "{6EDEE1D7-5FE5-414D-837B-415F11129712}"
EndProject
Project("{2150E333-8FDC-42A3-9474-1A3956D46DE8}") = "GenScript", "GenScript", "{F0C76E2F-0860-490F-8637-A5FDB122E81F}"
EndProject
Global
	GlobalSection(SolutionConfigurationPlatforms) = preSolution
		Debug|Any CPU = Debug|Any CPU
		Release|Any CPU = Release|Any CPU
	EndGlobalSection
	GlobalSection(ProjectConfigurationPlatforms) = postSolution
		{A270689B-4CD1-4753-9A9C-885B4EC66110}.Debug|Any CPU.ActiveCfg = Debug|Any CPU
		{A270689B-4CD1-4753-9A9C-885B4EC66110}.Debug|Any CPU.Build.0 = Debug|Any CPU
		{A270689B-4CD1-4753-9A9C-885B4EC66110}.Release|Any CPU.ActiveCfg = Release|Any CPU
		{A270689B-4CD1-4753-9A9C-885B4EC66110}.Release|Any CPU.Build.0 = Release|Any CPU
		{6FCB31FD-5B74-4591-A97D-15C6216136B8}.Debug|Any CPU.ActiveCfg = Debug|Any CPU
		{6FCB31FD-5B74-4591-A97D-15C6216136B8}.Debug|Any CPU.Build.0 = Debug|Any CPU
		{6FCB31FD-5B74-4591-A97D-15C6216136B8}.Release|Any CPU.ActiveCfg = Release|Any CPU
		{6FCB31FD-5B74-4591-A97D-15C6216136B8}.Release|Any CPU.Build.0 = Release|Any CPU
		{43E03094-7769-4AD1-B882-279F902CEF8A}.Debug|Any CPU.ActiveCfg = Debug|Any CPU
		{43E03094-7769-4AD1-B882-279F902CEF8A}.Debug|Any CPU.Build.0 = Debug|Any CPU
		{43E03094-7769-4AD1-B882-279F902CEF8A}.Release|Any CPU.ActiveCfg = Release|Any CPU
		{43E03094-7769-4AD1-B882-279F902CEF8A}.Release|Any CPU.Build.0 = Release|Any CPU
		{C2FF73A3-2C07-40B9-BA0A-3C28D9B55C20}.Debug|Any CPU.ActiveCfg = Debug|Any CPU
		{C2FF73A3-2C07-40B9-BA0A-3C28D9B55C20}.Debug|Any CPU.Build.0 = Debug|Any CPU
		{C2FF73A3-2C07-40B9-BA0A-3C28D9B55C20}.Release|Any CPU.ActiveCfg = Release|Any CPU
		{C2FF73A3-2C07-40B9-BA0A-3C28D9B55C20}.Release|Any CPU.Build.0 = Release|Any CPU
		{A67AE299-ACFD-4EAE-8F8D-87BF154B66BC}.Debug|Any CPU.ActiveCfg = Debug|Any CPU
		{A67AE299-ACFD-4EAE-8F8D-87BF154B66BC}.Debug|Any CPU.Build.0 = Debug|Any CPU
		{A67AE299-ACFD-4EAE-8F8D-87BF154B66BC}.Release|Any CPU.ActiveCfg = Release|Any CPU
		{A67AE299-ACFD-4EAE-8F8D-87BF154B66BC}.Release|Any CPU.Build.0 = Release|Any CPU
		{6EDEE1D7-5FE5-414D-837B-415F11129712}.Debug|Any CPU.ActiveCfg = Debug|Any CPU
		{6EDEE1D7-5FE5-414D-837B-415F11129712}.Debug|Any CPU.Build.0 = Debug|Any CPU
		{6EDEE1D7-5FE5-414D-837B-415F11129712}.Release|Any CPU.ActiveCfg = Release|Any CPU
		{6EDEE1D7-5FE5-414D-837B-415F11129712}.Release|Any CPU.Build.0 = Release|Any CPU
	EndGlobalSection
	GlobalSection(SolutionProperties) = preSolution
		HideSolutionNode = FALSE
	EndGlobalSection
	GlobalSection(NestedProjects) = preSolution
		{C2FF73A3-2C07-40B9-BA0A-3C28D9B55C20} = {F0C76E2F-0860-490F-8637-A5FDB122E81F}
		{A67AE299-ACFD-4EAE-8F8D-87BF154B66BC} = {F0C76E2F-0860-490F-8637-A5FDB122E81F}
		{6EDEE1D7-5FE5-414D-837B-415F11129712} = {F0C76E2F-0860-490F-8637-A5FDB122E81F}
	EndGlobalSection
	GlobalSection(ExtensibilityGlobals) = postSolution
		SolutionGuid = {D8C329A3-BC4A-4076-AC1E-42262658F1AE}
	EndGlobalSection
EndGlobal
