
Microsoft Visual Studio Solution File, Format Version 12.00
# Visual Studio Version 16
VisualStudioVersion = 16.0.31025.194
MinimumVisualStudioVersion = 10.0.40219.1
Project("{9A19103F-16F7-4668-BE54-9A1E7A4F7556}") = "WorkNullableAnalysis", "WorkNullableAnalysis\WorkNullableAnalysis.csproj", "{96F050D7-589B-4D72-BE06-0A8BF23B30B5}"
EndProject
Global
	GlobalSection(SolutionConfigurationPlatforms) = preSolution
		Debug|Any CPU = Debug|Any CPU
		Release|Any CPU = Release|Any CPU
	EndGlobalSection
	GlobalSection(ProjectConfigurationPlatforms) = postSolution
		{96F050D7-589B-4D72-BE06-0A8BF23B30B5}.Debug|Any CPU.ActiveCfg = Debug|Any CPU
		{96F050D7-589B-4D72-BE06-0A8BF23B30B5}.Debug|Any CPU.Build.0 = Debug|Any CPU
		{96F050D7-589B-4D72-BE06-0A8BF23B30B5}.Release|Any CPU.ActiveCfg = Release|Any CPU
		{96F050D7-589B-4D72-BE06-0A8BF23B30B5}.Release|Any CPU.Build.0 = Release|Any CPU
	EndGlobalSection
	GlobalSection(SolutionProperties) = preSolution
		HideSolutionNode = FALSE
	EndGlobalSection
	GlobalSection(ExtensibilityGlobals) = postSolution
		SolutionGuid = {2FAD06F0-4712-4F5E-8DA7-4E72437FEE54}
	EndGlobalSection
EndGlobal
