
Microsoft Visual Studio Solution File, Format Version 12.00
# Visual Studio 15
VisualStudioVersion = 15.0.27703.2042
MinimumVisualStudioVersion = 10.0.40219.1
Project("{9A19103F-16F7-4668-BE54-9A1E7A4F7556}") = "Smart.Data.Accessor", "Smart.Data.Accessor\Smart.Data.Accessor.csproj", "{8727490F-526C-4DF0-AA4F-42228E1A3B5C}"
EndProject
Project("{9A19103F-16F7-4668-BE54-9A1E7A4F7556}") = "Smart.Data.Accessor.Dapper", "Smart.Data.Accessor.Dapper\Smart.Data.Accessor.Dapper.csproj", "{50584D76-0DEA-438F-8A3A-2144797939A7}"
EndProject
Project("{9A19103F-16F7-4668-BE54-9A1E7A4F7556}") = "Smart.Data.Accessor.Tests", "Smart.Data.Accessor.Tests\Smart.Data.Accessor.Tests.csproj", "{C6A74F79-2256-4618-B4CB-4932D5E6F9CA}"
EndProject
Project("{9A19103F-16F7-4668-BE54-9A1E7A4F7556}") = "Smart.Data.Accessor.Generator.App", "Smart.Data.Accessor.Generator.App\Smart.Data.Accessor.Generator.App.csproj", "{44CFBDD7-8E4B-49F5-BA30-D9F8341025B4}"
EndProject
Project("{9A19103F-16F7-4668-BE54-9A1E7A4F7556}") = "Smart.Data.Accessor.Generator.Core", "Smart.Data.Accessor.Generator.Core\Smart.Data.Accessor.Generator.Core.csproj", "{2D1891C1-7C96-44D8-B702-411DD9F212E0}"
EndProject
Project("{9A19103F-16F7-4668-BE54-9A1E7A4F7556}") = "Smart.Data.Accessor.Generator.BuildTasks", "Smart.Data.Accessor.Generator.BuildTasks\Smart.Data.Accessor.Generator.BuildTasks.csproj", "{E4600F0B-2723-4C32-9C62-B9C7BD1B0CF8}"
EndProject
Project("{2150E333-8FDC-42A3-9474-1A3956D46DE8}") = "Generator", "Generator", "{666F2965-B607-4B31-86A9-A4FE8DFDB6C1}"
EndProject
Project("{9A19103F-16F7-4668-BE54-9A1E7A4F7556}") = "Smart.Data.Accessor.Resolver", "Smart.Data.Accessor.Resolver\Smart.Data.Accessor.Resolver.csproj", "{2B842ABF-406A-49FC-AB41-7D9E192983B1}"
EndProject
Project("{2150E333-8FDC-42A3-9474-1A3956D46DE8}") = "Core", "Core", "{DC49C6BF-E597-423C-B3D2-DA71B8DF718D}"
EndProject
Project("{2150E333-8FDC-42A3-9474-1A3956D46DE8}") = "Extension", "Extension", "{67E5FF82-B35F-4C1A-BB16-111BE91316FD}"
EndProject
Project("{9A19103F-16F7-4668-BE54-9A1E7A4F7556}") = "Smart.Data.Accessor.DependencyInjection", "Smart.Data.Accessor.DependencyInjection\Smart.Data.Accessor.DependencyInjection.csproj", "{FE613659-E207-48F5-A97E-2315C8F93065}"
EndProject
Project("{2150E333-8FDC-42A3-9474-1A3956D46DE8}") = "Solution Items", "Solution Items", "{AA756B05-4507-4389-B820-C9A4AAF2CB9F}"
	ProjectSection(SolutionItems) = preProject
		Smart.Data.Accessor.ruleset = Smart.Data.Accessor.ruleset
		Smart.Data.Accessor.sln.DotSettings = Smart.Data.Accessor.sln.DotSettings
	EndProjectSection
EndProject
Project("{2150E333-8FDC-42A3-9474-1A3956D46DE8}") = "Benchmark", "Benchmark", "{63F0DDA7-1034-4994-9C58-D1B24EA3998B}"
EndProject
Project("{FAE04EC0-301F-11D3-BF4B-00C04F79EFBC}") = "Smart.Data.Accessor.Benchmark", "Smart.Data.Accessor.Benchmark\Smart.Data.Accessor.Benchmark.csproj", "{B0917F08-6622-4B23-B41B-91C8F40ED532}"
EndProject
Global
	GlobalSection(SolutionConfigurationPlatforms) = preSolution
		Debug|Any CPU = Debug|Any CPU
		Release|Any CPU = Release|Any CPU
	EndGlobalSection
	GlobalSection(ProjectConfigurationPlatforms) = postSolution
		{8727490F-526C-4DF0-AA4F-42228E1A3B5C}.Debug|Any CPU.ActiveCfg = Debug|Any CPU
		{8727490F-526C-4DF0-AA4F-42228E1A3B5C}.Debug|Any CPU.Build.0 = Debug|Any CPU
		{8727490F-526C-4DF0-AA4F-42228E1A3B5C}.Release|Any CPU.ActiveCfg = Release|Any CPU
		{8727490F-526C-4DF0-AA4F-42228E1A3B5C}.Release|Any CPU.Build.0 = Release|Any CPU
		{50584D76-0DEA-438F-8A3A-2144797939A7}.Debug|Any CPU.ActiveCfg = Debug|Any CPU
		{50584D76-0DEA-438F-8A3A-2144797939A7}.Debug|Any CPU.Build.0 = Debug|Any CPU
		{50584D76-0DEA-438F-8A3A-2144797939A7}.Release|Any CPU.ActiveCfg = Release|Any CPU
		{50584D76-0DEA-438F-8A3A-2144797939A7}.Release|Any CPU.Build.0 = Release|Any CPU
		{C6A74F79-2256-4618-B4CB-4932D5E6F9CA}.Debug|Any CPU.ActiveCfg = Debug|Any CPU
		{C6A74F79-2256-4618-B4CB-4932D5E6F9CA}.Debug|Any CPU.Build.0 = Debug|Any CPU
		{C6A74F79-2256-4618-B4CB-4932D5E6F9CA}.Release|Any CPU.ActiveCfg = Release|Any CPU
		{C6A74F79-2256-4618-B4CB-4932D5E6F9CA}.Release|Any CPU.Build.0 = Release|Any CPU
		{44CFBDD7-8E4B-49F5-BA30-D9F8341025B4}.Debug|Any CPU.ActiveCfg = Debug|Any CPU
		{44CFBDD7-8E4B-49F5-BA30-D9F8341025B4}.Debug|Any CPU.Build.0 = Debug|Any CPU
		{44CFBDD7-8E4B-49F5-BA30-D9F8341025B4}.Release|Any CPU.ActiveCfg = Release|Any CPU
		{44CFBDD7-8E4B-49F5-BA30-D9F8341025B4}.Release|Any CPU.Build.0 = Release|Any CPU
		{2D1891C1-7C96-44D8-B702-411DD9F212E0}.Debug|Any CPU.ActiveCfg = Debug|Any CPU
		{2D1891C1-7C96-44D8-B702-411DD9F212E0}.Debug|Any CPU.Build.0 = Debug|Any CPU
		{2D1891C1-7C96-44D8-B702-411DD9F212E0}.Release|Any CPU.ActiveCfg = Release|Any CPU
		{2D1891C1-7C96-44D8-B702-411DD9F212E0}.Release|Any CPU.Build.0 = Release|Any CPU
		{E4600F0B-2723-4C32-9C62-B9C7BD1B0CF8}.Debug|Any CPU.ActiveCfg = Debug|Any CPU
		{E4600F0B-2723-4C32-9C62-B9C7BD1B0CF8}.Debug|Any CPU.Build.0 = Debug|Any CPU
		{E4600F0B-2723-4C32-9C62-B9C7BD1B0CF8}.Release|Any CPU.ActiveCfg = Release|Any CPU
		{E4600F0B-2723-4C32-9C62-B9C7BD1B0CF8}.Release|Any CPU.Build.0 = Release|Any CPU
		{2B842ABF-406A-49FC-AB41-7D9E192983B1}.Debug|Any CPU.ActiveCfg = Debug|Any CPU
		{2B842ABF-406A-49FC-AB41-7D9E192983B1}.Debug|Any CPU.Build.0 = Debug|Any CPU
		{2B842ABF-406A-49FC-AB41-7D9E192983B1}.Release|Any CPU.ActiveCfg = Release|Any CPU
		{2B842ABF-406A-49FC-AB41-7D9E192983B1}.Release|Any CPU.Build.0 = Release|Any CPU
		{FE613659-E207-48F5-A97E-2315C8F93065}.Debug|Any CPU.ActiveCfg = Debug|Any CPU
		{FE613659-E207-48F5-A97E-2315C8F93065}.Debug|Any CPU.Build.0 = Debug|Any CPU
		{FE613659-E207-48F5-A97E-2315C8F93065}.Release|Any CPU.ActiveCfg = Release|Any CPU
		{FE613659-E207-48F5-A97E-2315C8F93065}.Release|Any CPU.Build.0 = Release|Any CPU
		{B0917F08-6622-4B23-B41B-91C8F40ED532}.Debug|Any CPU.ActiveCfg = Debug|Any CPU
		{B0917F08-6622-4B23-B41B-91C8F40ED532}.Debug|Any CPU.Build.0 = Debug|Any CPU
		{B0917F08-6622-4B23-B41B-91C8F40ED532}.Release|Any CPU.ActiveCfg = Release|Any CPU
		{B0917F08-6622-4B23-B41B-91C8F40ED532}.Release|Any CPU.Build.0 = Release|Any CPU
	EndGlobalSection
	GlobalSection(SolutionProperties) = preSolution
		HideSolutionNode = FALSE
	EndGlobalSection
	GlobalSection(NestedProjects) = preSolution
		{8727490F-526C-4DF0-AA4F-42228E1A3B5C} = {DC49C6BF-E597-423C-B3D2-DA71B8DF718D}
		{50584D76-0DEA-438F-8A3A-2144797939A7} = {67E5FF82-B35F-4C1A-BB16-111BE91316FD}
		{C6A74F79-2256-4618-B4CB-4932D5E6F9CA} = {DC49C6BF-E597-423C-B3D2-DA71B8DF718D}
		{44CFBDD7-8E4B-49F5-BA30-D9F8341025B4} = {666F2965-B607-4B31-86A9-A4FE8DFDB6C1}
		{2D1891C1-7C96-44D8-B702-411DD9F212E0} = {666F2965-B607-4B31-86A9-A4FE8DFDB6C1}
		{E4600F0B-2723-4C32-9C62-B9C7BD1B0CF8} = {666F2965-B607-4B31-86A9-A4FE8DFDB6C1}
		{2B842ABF-406A-49FC-AB41-7D9E192983B1} = {67E5FF82-B35F-4C1A-BB16-111BE91316FD}
		{FE613659-E207-48F5-A97E-2315C8F93065} = {67E5FF82-B35F-4C1A-BB16-111BE91316FD}
		{B0917F08-6622-4B23-B41B-91C8F40ED532} = {63F0DDA7-1034-4994-9C58-D1B24EA3998B}
	EndGlobalSection
	GlobalSection(ExtensibilityGlobals) = postSolution
		SolutionGuid = {0168AD11-E746-4D4A-B82F-9982B3EE8ACD}
	EndGlobalSection
EndGlobal
