
Microsoft Visual Studio Solution File, Format Version 12.00
# Visual Studio Version 16
VisualStudioVersion = 16.0.31129.286
MinimumVisualStudioVersion = 10.0.40219.1
Project("{FAE04EC0-301F-11D3-BF4B-00C04F79EFBC}") = "WorkBlazor", "WorkBlazor\WorkBlazor.csproj", "{D31D73CF-496E-4490-8CD3-82C45119CDEB}"
EndProject
Global
	GlobalSection(SolutionConfigurationPlatforms) = preSolution
		Debug|Any CPU = Debug|Any CPU
		Release|Any CPU = Release|Any CPU
	EndGlobalSection
	GlobalSection(ProjectConfigurationPlatforms) = postSolution
		{D31D73CF-496E-4490-8CD3-82C45119CDEB}.Debug|Any CPU.ActiveCfg = Debug|Any CPU
		{D31D73CF-496E-4490-8CD3-82C45119CDEB}.Debug|Any CPU.Build.0 = Debug|Any CPU
		{D31D73CF-496E-4490-8CD3-82C45119CDEB}.Release|Any CPU.ActiveCfg = Release|Any CPU
		{D31D73CF-496E-4490-8CD3-82C45119CDEB}.Release|Any CPU.Build.0 = Release|Any CPU
	EndGlobalSection
	GlobalSection(SolutionProperties) = preSolution
		HideSolutionNode = FALSE
	EndGlobalSection
	GlobalSection(ExtensibilityGlobals) = postSolution
		SolutionGuid = {33120106-4452-44B2-A5F9-DF5FDBD8642F}
	EndGlobalSection
EndGlobal
